// !$*UTF8*$!
{
	archiveVersion = 1;
	classes = {
	};
	objectVersion = 46;
	objects = {

/* Begin PBXBuildFile section */
		F319268B1CBF4DEA005CFC24 /* AppDelegate.swift in Sources */ = {isa = PBXBuildFile; fileRef = F319268A1CBF4DE9005CFC24 /* AppDelegate.swift */; };
		F319268D1CBF4DEA005CFC24 /* ViewController.swift in Sources */ = {isa = PBXBuildFile; fileRef = F319268C1CBF4DEA005CFC24 /* ViewController.swift */; };
		F31926901CBF4DEA005CFC24 /* Main.storyboard in Resources */ = {isa = PBXBuildFile; fileRef = F319268E1CBF4DEA005CFC24 /* Main.storyboard */; };
		F31926921CBF4DEA005CFC24 /* Assets.xcassets in Resources */ = {isa = PBXBuildFile; fileRef = F31926911CBF4DEA005CFC24 /* Assets.xcassets */; };
		F31926951CBF4DEA005CFC24 /* LaunchScreen.storyboard in Resources */ = {isa = PBXBuildFile; fileRef = F31926931CBF4DEA005CFC24 /* LaunchScreen.storyboard */; };
/* End PBXBuildFile section */

/* Begin PBXFileReference section */
		F31926871CBF4DE9005CFC24 /* gitTest.app */ = {isa = PBXFileReference; explicitFileType = wrapper.application; includeInIndex = 0; path = gitTest.app; sourceTree = BUILT_PRODUCTS_DIR; };
		F319268A1CBF4DE9005CFC24 /* AppDelegate.swift */ = {isa = PBXFileReference; lastKnownFileType = sourcecode.swift; path = AppDelegate.swift; sourceTree = "<group>"; };
		F319268C1CBF4DEA005CFC24 /* ViewController.swift */ = {isa = PBXFileReference; lastKnownFileType = sourcecode.swift; path = ViewController.swift; sourceTree = "<group>"; };
		F319268F1CBF4DEA005CFC24 /* Base */ = {isa = PBXFileReference; lastKnownFileType = file.storyboard; name = Base; path = Base.lproj/Main.storyboard; sourceTree = "<group>"; };
		F31926911CBF4DEA005CFC24 /* Assets.xcassets */ = {isa = PBXFileReference; lastKnownFileType = folder.assetcatalog; path = Assets.xcassets; sourceTree = "<group>"; };
		F31926941CBF4DEA005CFC24 /* Base */ = {isa = PBXFileReference; lastKnownFileType = file.storyboard; name = Base; path = Base.lproj/LaunchScreen.storyboard; sourceTree = "<group>"; };
		F31926961CBF4DEA005CFC24 /* Info.plist */ = {isa = PBXFileReference; lastKnownFileType = text.plist.xml; path = Info.plist; sourceTree = "<group>"; };
/* End PBXFileReference section */

/* Begin PBXFrameworksBuildPhase section */
		F31926841CBF4DE9005CFC24 /* Frameworks */ = {
			isa = PBXFrameworksBuildPhase;
			buildActionMask = 2147483647;
			files = (
			);
			runOnlyForDeploymentPostprocessing = 0;
		};
/* End PBXFrameworksBuildPhase section */

/* Begin PBXGroup section */
		F319267E1CBF4DE9005CFC24 = {
			isa = PBXGroup;
			children = (
				F31926891CBF4DE9005CFC24 /* gitTest */,
				F31926881CBF4DE9005CFC24 /* Products */,
			);
			sourceTree = "<group>";
		};
		F31926881CBF4DE9005CFC24 /* Products */ = {
			isa = PBXGroup;
			children = (
				F31926871CBF4DE9005CFC24 /* gitTest.app */,
			);
			name = Products;
			sourceTree = "<group>";
		};
		F31926891CBF4DE9005CFC24 /* gitTest */ = {
			isa = PBXGroup;
			children = (
				F319268A1CBF4DE9005CFC24 /* AppDelegate.swift */,
				F319268C1CBF4DEA005CFC24 /* ViewController.swift */,
				F319268E1CBF4DEA005CFC24 /* Main.storyboard */,
				F31926911CBF4DEA005CFC24 /* Assets.xcassets */,
				F31926931CBF4DEA005CFC24 /* LaunchScreen.storyboard */,
				F31926961CBF4DEA005CFC24 /* Info.plist */,
			);
			path = gitTest;
			sourceTree = "<group>";
		};
/* End PBXGroup section */

/* Begin PBXNativeTarget section */
		F31926861CBF4DE9005CFC24 /* gitTest */ = {
			isa = PBXNativeTarget;
			buildConfigurationList = F31926991CBF4DEA005CFC24 /* Build configuration list for PBXNativeTarget "gitTest" */;
			buildPhases = (
				F31926831CBF4DE9005CFC24 /* Sources */,
				F31926841CBF4DE9005CFC24 /* Frameworks */,
				F31926851CBF4DE9005CFC24 /* Resources */,
			);
			buildRules = (
			);
			dependencies = (
			);
			name = gitTest;
			productName = gitTest;
			productReference = F31926871CBF4DE9005CFC24 /* gitTest.app */;
			productType = "com.apple.product-type.application";
		};
/* End PBXNativeTarget section */

/* Begin PBXProject section */
		F319267F1CBF4DE9005CFC24 /* Project object */ = {
			isa = PBXProject;
			attributes = {
				LastSwiftUpdateCheck = 0730;
				LastUpgradeCheck = 0730;
				ORGANIZATIONNAME = Engene;
				TargetAttributes = {
					F31926861CBF4DE9005CFC24 = {
						CreatedOnToolsVersion = 7.3;
						DevelopmentTeam = 8XAJ796C7E;
					};
				};
			};
			buildConfigurationList = F31926821CBF4DE9005CFC24 /* Build configuration list for PBXProject "gitTest" */;
			compatibilityVersion = "Xcode 3.2";
			developmentRegion = English;
			hasScannedForEncodings = 0;
			knownRegions = (
				en,
				Base,
			);
			mainGroup = F319267E1CBF4DE9005CFC24;
			productRefGroup = F31926881CBF4DE9005CFC24 /* Products */;
			projectDirPath = "";
			projectRoot = "";
			targets = (
				F31926861CBF4DE9005CFC24 /* gitTest */,
			);
		};
/* End PBXProject section */

/* Begin PBXResourcesBuildPhase section */
		F31926851CBF4DE9005CFC24 /* Resources */ = {
			isa = PBXResourcesBuildPhase;
			buildActionMask = 2147483647;
			files = (
				F31926951CBF4DEA005CFC24 /* LaunchScreen.storyboard in Resources */,
				F31926921CBF4DEA005CFC24 /* Assets.xcassets in Resources */,
				F31926901CBF4DEA005CFC24 /* Main.storyboard in Resources */,
			);
			runOnlyForDeploymentPostprocessing = 0;
		};
/* End PBXResourcesBuildPhase section */

/* Begin PBXSourcesBuildPhase section */
		F31926831CBF4DE9005CFC24 /* Sources */ = {
			isa = PBXSourcesBuildPhase;
			buildActionMask = 2147483647;
			files = (
				F319268D1CBF4DEA005CFC24 /* ViewController.swift in Sources */,
				F319268B1CBF4DEA005CFC24 /* AppDelegate.swift in Sources */,
			);
			runOnlyForDeploymentPostprocessing = 0;
		};
/* End PBXSourcesBuildPhase section */

/* Begin PBXVariantGroup section */
		F319268E1CBF4DEA005CFC24 /* Main.storyboard */ = {
			isa = PBXVariantGroup;
			children = (
				F319268F1CBF4DEA005CFC24 /* Base */,
			);
			name = Main.storyboard;
			sourceTree = "<group>";
		};
		F31926931CBF4DEA005CFC24 /* LaunchScreen.storyboard */ = {
			isa = PBXVariantGroup;
			children = (
				F31926941CBF4DEA005CFC24 /* Base */,
			);
			name = LaunchScreen.storyboard;
			sourceTree = "<group>";
		};
/* End PBXVariantGroup section */

/* Begin XCBuildConfiguration section */
		F31926971CBF4DEA005CFC24 /* Debug */ = {
			isa = XCBuildConfiguration;
			buildSettings = {
				ALWAYS_SEARCH_USER_PATHS = NO;
				CLANG_ANALYZER_NONNULL = YES;
				CLANG_CXX_LANGUAGE_STANDARD = "gnu++0x";
				CLANG_CXX_LIBRARY = "libc++";
				CLANG_ENABLE_MODULES = YES;
				CLANG_ENABLE_OBJC_ARC = YES;
				CLANG_WARN_BOOL_CONVERSION = YES;
				CLANG_WARN_CONSTANT_CONVERSION = YES;
				CLANG_WARN_DIRECT_OBJC_ISA_USAGE = YES_ERROR;
				CLANG_WARN_EMPTY_BODY = YES;
				CLANG_WARN_ENUM_CONVERSION = YES;
				CLANG_WARN_INT_CONVERSION = YES;
				CLANG_WARN_OBJC_ROOT_CLASS = YES_ERROR;
				CLANG_WARN_UNREACHABLE_CODE = YES;
				CLANG_WARN__DUPLICATE_METHOD_MATCH = YES;
				"CODE_SIGN_IDENTITY[sdk=iphoneos*]" = "iPhone Developer";
				COPY_PHASE_STRIP = NO;
				DEBUG_INFORMATION_FORMAT = dwarf;
				ENABLE_STRICT_OBJC_MSGSEND = YES;
				ENABLE_TESTABILITY = YES;
				GCC_C_LANGUAGE_STANDARD = gnu99;
				GCC_DYNAMIC_NO_PIC = NO;
				GCC_NO_COMMON_BLOCKS = YES;
				GCC_OPTIMIZATION_LEVEL = 0;
				GCC_PREPROCESSOR_DEFINITIONS = (
					"DEBUG=1",
					"$(inherited)",
				);
				GCC_WARN_64_TO_32_BIT_CONVERSION = YES;
				GCC_WARN_ABOUT_RETURN_TYPE = YES_ERROR;
				GCC_WARN_UNDECLARED_SELECTOR = YES;
				GCC_WARN_UNINITIALIZED_AUTOS = YES_AGGRESSIVE;
				GCC_WARN_UNUSED_FUNCTION = YES;
				GCC_WARN_UNUSED_VARIABLE = YES;
				IPHONEOS_DEPLOYMENT_TARGET = 9.3;
				MTL_ENABLE_DEBUG_INFO = YES;
				ONLY_ACTIVE_ARCH = YES;
				SDKROOT = iphoneos;
				SWIFT_OPTIMIZATION_LEVEL = "-Onone";
			};
			name = Debug;
		};
		F31926981CBF4DEA005CFC24 /* Release */ = {
			isa = XCBuildConfiguration;
			buildSettings = {
				ALWAYS_SEARCH_USER_PATHS = NO;
				CLANG_ANALYZER_NONNULL = YES;
				CLANG_CXX_LANGUAGE_STANDARD = "gnu++0x";
				CLANG_CXX_LIBRARY = "libc++";
				CLANG_ENABLE_MODULES = YES;
				CLANG_ENABLE_OBJC_ARC = YES;
				CLANG_WARN_BOOL_CONVERSION = YES;
				CLANG_WARN_CONSTANT_CONVERSION = YES;
				CLANG_WARN_DIRECT_OBJC_ISA_USAGE = YES_ERROR;
				CLANG_WARN_EMPTY_BODY = YES;
				CLANG_WARN_ENUM_CONVERSION = YES;
				CLANG_WARN_INT_CONVERSION = YES;
				CLANG_WARN_OBJC_ROOT_CLASS = YES_ERROR;
				CLANG_WARN_UNREACHABLE_CODE = YES;
				CLANG_WARN__DUPLICATE_METHOD_MATCH = YES;
				"CODE_SIGN_IDENTITY[sdk=iphoneos*]" = "iPhone Developer";
				COPY_PHASE_STRIP = NO;
				DEBUG_INFORMATION_FORMAT = "dwarf-with-dsym";
				ENABLE_NS_ASSERTIONS = NO;
				ENABLE_STRICT_OBJC_MSGSEND = YES;
				GCC_C_LANGUAGE_STANDARD = gnu99;
				GCC_NO_COMMON_BLOCKS = YES;
				GCC_WARN_64_TO_32_BIT_CONVERSION = YES;
				GCC_WARN_ABOUT_RETURN_TYPE = YES_ERROR;
				GCC_WARN_UNDECLARED_SELECTOR = YES;
				GCC_WARN_UNINITIALIZED_AUTOS = YES_AGGRESSIVE;
				GCC_WARN_UNUSED_FUNCTION = YES;
				GCC_WARN_UNUSED_VARIABLE = YES;
				IPHONEOS_DEPLOYMENT_TARGET = 9.3;
				MTL_ENABLE_DEBUG_INFO = NO;
				SDKROOT = iphoneos;
				VALIDATE_PRODUCT = YES;
			};
			name = Release;
		};
		F319269A1CBF4DEA005CFC24 /* Debug */ = {
			isa = XCBuildConfiguration;
			buildSettings = {
				ASSETCATALOG_COMPILER_APPICON_NAME = AppIcon;
				INFOPLIST_FILE = gitTest/Info.plist;
				LD_RUNPATH_SEARCH_PATHS = "$(inherited) @executable_path/Frameworks";
				PRODUCT_BUNDLE_IDENTIFIER = kr.co.Engene.gitTest;
				PRODUCT_NAME = "$(TARGET_NAME)";
			};
			name = Debug;
		};
		F319269B1CBF4DEA005CFC24 /* Release */ = {
			isa = XCBuildConfiguration;
			buildSettings = {
				ASSETCATALOG_COMPILER_APPICON_NAME = AppIcon;
				INFOPLIST_FILE = gitTest/Info.plist;
				LD_RUNPATH_SEARCH_PATHS = "$(inherited) @executable_path/Frameworks";
				PRODUCT_BUNDLE_IDENTIFIER = kr.co.Engene.gitTest;
				PRODUCT_NAME = "$(TARGET_NAME)";
			};
			name = Release;
		};
/* End XCBuildConfiguration section */

/* Begin XCConfigurationList section */
		F31926821CBF4DE9005CFC24 /* Build configuration list for PBXProject "gitTest" */ = {
			isa = XCConfigurationList;
			buildConfigurations = (
				F31926971CBF4DEA005CFC24 /* Debug */,
				F31926981CBF4DEA005CFC24 /* Release */,
			);
			defaultConfigurationIsVisible = 0;
			defaultConfigurationName = Release;
		};
		F31926991CBF4DEA005CFC24 /* Build configuration list for PBXNativeTarget "gitTest" */ = {
			isa = XCConfigurationList;
			buildConfigurations = (
				F319269A1CBF4DEA005CFC24 /* Debug */,
				F319269B1CBF4DEA005CFC24 /* Release */,
			);
			defaultConfigurationIsVisible = 0;
		};
/* End XCConfigurationList section */
	};
	rootObject = F319267F1CBF4DE9005CFC24 /* Project object */;
}
